// !$*UTF8*$!
{
	archiveVersion = 1;
	classes = {
	};
	objectVersion = 46;
	objects = {

/* Begin PBXBuildFile section */
		4890770CCA6A9AAEC6268838 /* libPods-ACSNetworkingDemo.a in Frameworks */ = {isa = PBXBuildFile; fileRef = 298B81964FCAD21ADBA0C2D5 /* libPods-ACSNetworkingDemo.a */; };
		DD068B831B746085001481C0 /* main.m in Sources */ = {isa = PBXBuildFile; fileRef = DD068B821B746085001481C0 /* main.m */; };
		DD068B861B746085001481C0 /* AppDelegate.m in Sources */ = {isa = PBXBuildFile; fileRef = DD068B851B746085001481C0 /* AppDelegate.m */; };
		DD068B891B746085001481C0 /* ViewController.m in Sources */ = {isa = PBXBuildFile; fileRef = DD068B881B746085001481C0 /* ViewController.m */; };
		DD068B8C1B746085001481C0 /* Main.storyboard in Resources */ = {isa = PBXBuildFile; fileRef = DD068B8A1B746085001481C0 /* Main.storyboard */; };
		DD068B8E1B746085001481C0 /* Images.xcassets in Resources */ = {isa = PBXBuildFile; fileRef = DD068B8D1B746085001481C0 /* Images.xcassets */; };
		DD068B911B746085001481C0 /* LaunchScreen.xib in Resources */ = {isa = PBXBuildFile; fileRef = DD068B8F1B746085001481C0 /* LaunchScreen.xib */; };
		DD068B9D1B746085001481C0 /* ACSNetworkingDemoTests.m in Sources */ = {isa = PBXBuildFile; fileRef = DD068B9C1B746085001481C0 /* ACSNetworkingDemoTests.m */; };
/* End PBXBuildFile section */

/* Begin PBXContainerItemProxy section */
		DD068B971B746085001481C0 /* PBXContainerItemProxy */ = {
			isa = PBXContainerItemProxy;
			containerPortal = DD068B751B746085001481C0 /* Project object */;
			proxyType = 1;
			remoteGlobalIDString = DD068B7C1B746085001481C0;
			remoteInfo = ACSNetworkingDemo;
		};
/* End PBXContainerItemProxy section */

/* Begin PBXFileReference section */
		0A88C542ACF21997088C0E34 /* Pods-ACSNetworkingDemo.release.xcconfig */ = {isa = PBXFileReference; includeInIndex = 1; lastKnownFileType = text.xcconfig; name = "Pods-ACSNetworkingDemo.release.xcconfig"; path = "Pods/Target Support Files/Pods-ACSNetworkingDemo/Pods-ACSNetworkingDemo.release.xcconfig"; sourceTree = "<group>"; };
		298B81964FCAD21ADBA0C2D5 /* libPods-ACSNetworkingDemo.a */ = {isa = PBXFileReference; explicitFileType = archive.ar; includeInIndex = 0; path = "libPods-ACSNetworkingDemo.a"; sourceTree = BUILT_PRODUCTS_DIR; };
		DD068B7D1B746085001481C0 /* ACSNetworkingDemo.app */ = {isa = PBXFileReference; explicitFileType = wrapper.application; includeInIndex = 0; path = ACSNetworkingDemo.app; sourceTree = BUILT_PRODUCTS_DIR; };
		DD068B811B746085001481C0 /* Info.plist */ = {isa = PBXFileReference; lastKnownFileType = text.plist.xml; path = Info.plist; sourceTree = "<group>"; };
		DD068B821B746085001481C0 /* main.m */ = {isa = PBXFileReference; lastKnownFileType = sourcecode.c.objc; path = main.m; sourceTree = "<group>"; };
		DD068B841B746085001481C0 /* AppDelegate.h */ = {isa = PBXFileReference; lastKnownFileType = sourcecode.c.h; path = AppDelegate.h; sourceTree = "<group>"; };
		DD068B851B746085001481C0 /* AppDelegate.m */ = {isa = PBXFileReference; lastKnownFileType = sourcecode.c.objc; path = AppDelegate.m; sourceTree = "<group>"; };
		DD068B871B746085001481C0 /* ViewController.h */ = {isa = PBXFileReference; lastKnownFileType = sourcecode.c.h; path = ViewController.h; sourceTree = "<group>"; };
		DD068B881B746085001481C0 /* ViewController.m */ = {isa = PBXFileReference; lastKnownFileType = sourcecode.c.objc; path = ViewController.m; sourceTree = "<group>"; };
		DD068B8B1B746085001481C0 /* Base */ = {isa = PBXFileReference; lastKnownFileType = file.storyboard; name = Base; path = Base.lproj/Main.storyboard; sourceTree = "<group>"; };
		DD068B8D1B746085001481C0 /* Images.xcassets */ = {isa = PBXFileReference; lastKnownFileType = folder.assetcatalog; path = Images.xcassets; sourceTree = "<group>"; };
		DD068B901B746085001481C0 /* Base */ = {isa = PBXFileReference; lastKnownFileType = file.xib; name = Base; path = Base.lproj/LaunchScreen.xib; sourceTree = "<group>"; };
		DD068B961B746085001481C0 /* ACSNetworkingDemoTests.xctest */ = {isa = PBXFileReference; explicitFileType = wrapper.cfbundle; includeInIndex = 0; path = ACSNetworkingDemoTests.xctest; sourceTree = BUILT_PRODUCTS_DIR; };
		DD068B9B1B746085001481C0 /* Info.plist */ = {isa = PBXFileReference; lastKnownFileType = text.plist.xml; path = Info.plist; sourceTree = "<group>"; };
		DD068B9C1B746085001481C0 /* ACSNetworkingDemoTests.m */ = {isa = PBXFileReference; lastKnownFileType = sourcecode.c.objc; path = ACSNetworkingDemoTests.m; sourceTree = "<group>"; };
		FFFDBAE121213DB3E9095FA9 /* Pods-ACSNetworkingDemo.debug.xcconfig */ = {isa = PBXFileReference; includeInIndex = 1; lastKnownFileType = text.xcconfig; name = "Pods-ACSNetworkingDemo.debug.xcconfig"; path = "Pods/Target Support Files/Pods-ACSNetworkingDemo/Pods-ACSNetworkingDemo.debug.xcconfig"; sourceTree = "<group>"; };
/* End PBXFileReference section */

/* Begin PBXFrameworksBuildPhase section */
		DD068B7A1B746085001481C0 /* Frameworks */ = {
			isa = PBXFrameworksBuildPhase;
			buildActionMask = 2147483647;
			files = (
				4890770CCA6A9AAEC6268838 /* libPods-ACSNetworkingDemo.a in Frameworks */,
			);
			runOnlyForDeploymentPostprocessing = 0;
		};
		DD068B931B746085001481C0 /* Frameworks */ = {
			isa = PBXFrameworksBuildPhase;
			buildActionMask = 2147483647;
			files = (
			);
			runOnlyForDeploymentPostprocessing = 0;
		};
/* End PBXFrameworksBuildPhase section */

/* Begin PBXGroup section */
		47C802DE6139379DCB93AE5B /* Frameworks */ = {
			isa = PBXGroup;
			children = (
				298B81964FCAD21ADBA0C2D5 /* libPods-ACSNetworkingDemo.a */,
			);
			name = Frameworks;
			sourceTree = "<group>";
		};
		A66A52713B0D917AF58BF17C /* Pods */ = {
			isa = PBXGroup;
			children = (
				FFFDBAE121213DB3E9095FA9 /* Pods-ACSNetworkingDemo.debug.xcconfig */,
				0A88C542ACF21997088C0E34 /* Pods-ACSNetworkingDemo.release.xcconfig */,
			);
			name = Pods;
			sourceTree = "<group>";
		};
		DD068B741B746085001481C0 = {
			isa = PBXGroup;
			children = (
				DD068B7F1B746085001481C0 /* ACSNetworkingDemo */,
				DD068B991B746085001481C0 /* ACSNetworkingDemoTests */,
				DD068B7E1B746085001481C0 /* Products */,
				A66A52713B0D917AF58BF17C /* Pods */,
				47C802DE6139379DCB93AE5B /* Frameworks */,
			);
			sourceTree = "<group>";
		};
		DD068B7E1B746085001481C0 /* Products */ = {
			isa = PBXGroup;
			children = (
				DD068B7D1B746085001481C0 /* ACSNetworkingDemo.app */,
				DD068B961B746085001481C0 /* ACSNetworkingDemoTests.xctest */,
			);
			name = Products;
			sourceTree = "<group>";
		};
		DD068B7F1B746085001481C0 /* ACSNetworkingDemo */ = {
			isa = PBXGroup;
			children = (
				DD068B841B746085001481C0 /* AppDelegate.h */,
				DD068B851B746085001481C0 /* AppDelegate.m */,
				DD068B871B746085001481C0 /* ViewController.h */,
				DD068B881B746085001481C0 /* ViewController.m */,
				DD068B8A1B746085001481C0 /* Main.storyboard */,
				DD068B8D1B746085001481C0 /* Images.xcassets */,
				DD068B8F1B746085001481C0 /* LaunchScreen.xib */,
				DD068B801B746085001481C0 /* Supporting Files */,
			);
			path = ACSNetworkingDemo;
			sourceTree = "<group>";
		};
		DD068B801B746085001481C0 /* Supporting Files */ = {
			isa = PBXGroup;
			children = (
				DD068B811B746085001481C0 /* Info.plist */,
				DD068B821B746085001481C0 /* main.m */,
			);
			name = "Supporting Files";
			sourceTree = "<group>";
		};
		DD068B991B746085001481C0 /* ACSNetworkingDemoTests */ = {
			isa = PBXGroup;
			children = (
				DD068B9C1B746085001481C0 /* ACSNetworkingDemoTests.m */,
				DD068B9A1B746085001481C0 /* Supporting Files */,
			);
			path = ACSNetworkingDemoTests;
			sourceTree = "<group>";
		};
		DD068B9A1B746085001481C0 /* Supporting Files */ = {
			isa = PBXGroup;
			children = (
				DD068B9B1B746085001481C0 /* Info.plist */,
			);
			name = "Supporting Files";
			sourceTree = "<group>";
		};
/* End PBXGroup section */

/* Begin PBXNativeTarget section */
		DD068B7C1B746085001481C0 /* ACSNetworkingDemo */ = {
			isa = PBXNativeTarget;
			buildConfigurationList = DD068BA01B746085001481C0 /* Build configuration list for PBXNativeTarget "ACSNetworkingDemo" */;
			buildPhases = (
				5430CB7F53E2EC1AC0943BFC /* Check Pods Manifest.lock */,
				DD068B791B746085001481C0 /* Sources */,
				DD068B7A1B746085001481C0 /* Frameworks */,
				DD068B7B1B746085001481C0 /* Resources */,
				56084711C964FD76F12331E1 /* Copy Pods Resources */,
			);
			buildRules = (
			);
			dependencies = (
			);
			name = ACSNetworkingDemo;
			productName = ACSNetworkingDemo;
			productReference = DD068B7D1B746085001481C0 /* ACSNetworkingDemo.app */;
			productType = "com.apple.product-type.application";
		};
		DD068B951B746085001481C0 /* ACSNetworkingDemoTests */ = {
			isa = PBXNativeTarget;
			buildConfigurationList = DD068BA31B746085001481C0 /* Build configuration list for PBXNativeTarget "ACSNetworkingDemoTests" */;
			buildPhases = (
				DD068B921B746085001481C0 /* Sources */,
				DD068B931B746085001481C0 /* Frameworks */,
				DD068B941B746085001481C0 /* Resources */,
			);
			buildRules = (
			);
			dependencies = (
				DD068B981B746085001481C0 /* PBXTargetDependency */,
			);
			name = ACSNetworkingDemoTests;
			productName = ACSNetworkingDemoTests;
			productReference = DD068B961B746085001481C0 /* ACSNetworkingDemoTests.xctest */;
			productType = "com.apple.product-type.bundle.unit-test";
		};
/* End PBXNativeTarget section */

/* Begin PBXProject section */
		DD068B751B746085001481C0 /* Project object */ = {
			isa = PBXProject;
			attributes = {
				LastUpgradeCheck = 0700;
				ORGANIZATIONNAME = Stone.y;
				TargetAttributes = {
					DD068B7C1B746085001481C0 = {
						CreatedOnToolsVersion = 6.4;
					};
					DD068B951B746085001481C0 = {
						CreatedOnToolsVersion = 6.4;
						TestTargetID = DD068B7C1B746085001481C0;
					};
				};
			};
			buildConfigurationList = DD068B781B746085001481C0 /* Build configuration list for PBXProject "ACSNetworkingDemo" */;
			compatibilityVersion = "Xcode 3.2";
			developmentRegion = English;
			hasScannedForEncodings = 0;
			knownRegions = (
				en,
				Base,
			);
			mainGroup = DD068B741B746085001481C0;
			productRefGroup = DD068B7E1B746085001481C0 /* Products */;
			projectDirPath = "";
			projectRoot = "";
			targets = (
				DD068B7C1B746085001481C0 /* ACSNetworkingDemo */,
				DD068B951B746085001481C0 /* ACSNetworkingDemoTests */,
			);
		};
/* End PBXProject section */

/* Begin PBXResourcesBuildPhase section */
		DD068B7B1B746085001481C0 /* Resources */ = {
			isa = PBXResourcesBuildPhase;
			buildActionMask = 2147483647;
			files = (
				DD068B8C1B746085001481C0 /* Main.storyboard in Resources */,
				DD068B911B746085001481C0 /* LaunchScreen.xib in Resources */,
				DD068B8E1B746085001481C0 /* Images.xcassets in Resources */,
			);
			runOnlyForDeploymentPostprocessing = 0;
		};
		DD068B941B746085001481C0 /* Resources */ = {
			isa = PBXResourcesBuildPhase;
			buildActionMask = 2147483647;
			files = (
			);
			runOnlyForDeploymentPostprocessing = 0;
		};
/* End PBXResourcesBuildPhase section */

/* Begin PBXShellScriptBuildPhase section */
		5430CB7F53E2EC1AC0943BFC /* Check Pods Manifest.lock */ = {
			isa = PBXShellScriptBuildPhase;
			buildActionMask = 2147483647;
			files = (
			);
			inputPaths = (
			);
			name = "Check Pods Manifest.lock";
			outputPaths = (
			);
			runOnlyForDeploymentPostprocessing = 0;
			shellPath = /bin/sh;
			shellScript = "diff \"${PODS_ROOT}/../Podfile.lock\" \"${PODS_ROOT}/Manifest.lock\" > /dev/null\nif [[ $? != 0 ]] ; then\n    cat << EOM\nerror: The sandbox is not in sync with the Podfile.lock. Run 'pod install' or update your CocoaPods installation.\nEOM\n    exit 1\nfi\n";
			showEnvVarsInLog = 0;
		};
		56084711C964FD76F12331E1 /* Copy Pods Resources */ = {
			isa = PBXShellScriptBuildPhase;
			buildActionMask = 2147483647;
			files = (
			);
			inputPaths = (
			);
			name = "Copy Pods Resources";
			outputPaths = (
			);
			runOnlyForDeploymentPostprocessing = 0;
			shellPath = /bin/sh;
			shellScript = "\"${SRCROOT}/Pods/Target Support Files/Pods-ACSNetworkingDemo/Pods-ACSNetworkingDemo-resources.sh\"\n";
			showEnvVarsInLog = 0;
		};
/* End PBXShellScriptBuildPhase section */

/* Begin PBXSourcesBuildPhase section */
		DD068B791B746085001481C0 /* Sources */ = {
			isa = PBXSourcesBuildPhase;
			buildActionMask = 2147483647;
			files = (
				DD068B891B746085001481C0 /* ViewController.m in Sources */,
				DD068B861B746085001481C0 /* AppDelegate.m in Sources */,
				DD068B831B746085001481C0 /* main.m in Sources */,
			);
			runOnlyForDeploymentPostprocessing = 0;
		};
		DD068B921B746085001481C0 /* Sources */ = {
			isa = PBXSourcesBuildPhase;
			buildActionMask = 2147483647;
			files = (
				DD068B9D1B746085001481C0 /* ACSNetworkingDemoTests.m in Sources */,
			);
			runOnlyForDeploymentPostprocessing = 0;
		};
/* End PBXSourcesBuildPhase section */

/* Begin PBXTargetDependency section */
		DD068B981B746085001481C0 /* PBXTargetDependency */ = {
			isa = PBXTargetDependency;
			target = DD068B7C1B746085001481C0 /* ACSNetworkingDemo */;
			targetProxy = DD068B971B746085001481C0 /* PBXContainerItemProxy */;
		};
/* End PBXTargetDependency section */

/* Begin PBXVariantGroup section */
		DD068B8A1B746085001481C0 /* Main.storyboard */ = {
			isa = PBXVariantGroup;
			children = (
				DD068B8B1B746085001481C0 /* Base */,
			);
			name = Main.storyboard;
			sourceTree = "<group>";
		};
		DD068B8F1B746085001481C0 /* LaunchScreen.xib */ = {
			isa = PBXVariantGroup;
			children = (
				DD068B901B746085001481C0 /* Base */,
			);
			name = LaunchScreen.xib;
			sourceTree = "<group>";
		};
/* End PBXVariantGroup section */

/* Begin XCBuildConfiguration section */
		DD068B9E1B746085001481C0 /* Debug */ = {
			isa = XCBuildConfiguration;
			buildSettings = {
				ALWAYS_SEARCH_USER_PATHS = NO;
				CLANG_CXX_LANGUAGE_STANDARD = "gnu++0x";
				CLANG_CXX_LIBRARY = "libc++";
				CLANG_ENABLE_MODULES = YES;
				CLANG_ENABLE_OBJC_ARC = YES;
				CLANG_WARN_BOOL_CONVERSION = YES;
				CLANG_WARN_CONSTANT_CONVERSION = YES;
				CLANG_WARN_DIRECT_OBJC_ISA_USAGE = YES_ERROR;
				CLANG_WARN_EMPTY_BODY = YES;
				CLANG_WARN_ENUM_CONVERSION = YES;
				CLANG_WARN_INT_CONVERSION = YES;
				CLANG_WARN_OBJC_ROOT_CLASS = YES_ERROR;
				CLANG_WARN_UNREACHABLE_CODE = YES;
				CLANG_WARN__DUPLICATE_METHOD_MATCH = YES;
				"CODE_SIGN_IDENTITY[sdk=iphoneos*]" = "iPhone Developer";
				COPY_PHASE_STRIP = NO;
				DEBUG_INFORMATION_FORMAT = "dwarf-with-dsym";
				ENABLE_STRICT_OBJC_MSGSEND = YES;
				ENABLE_TESTABILITY = YES;
				GCC_C_LANGUAGE_STANDARD = gnu99;
				GCC_DYNAMIC_NO_PIC = NO;
				GCC_NO_COMMON_BLOCKS = YES;
				GCC_OPTIMIZATION_LEVEL = 0;
				GCC_PREPROCESSOR_DEFINITIONS = (
					"DEBUG=1",
					"$(inherited)",
				);
				GCC_SYMBOLS_PRIVATE_EXTERN = NO;
				GCC_WARN_64_TO_32_BIT_CONVERSION = YES;
				GCC_WARN_ABOUT_RETURN_TYPE = YES_ERROR;
				GCC_WARN_UNDECLARED_SELECTOR = YES;
				GCC_WARN_UNINITIALIZED_AUTOS = YES_AGGRESSIVE;
				GCC_WARN_UNUSED_FUNCTION = YES;
				GCC_WARN_UNUSED_VARIABLE = YES;
				IPHONEOS_DEPLOYMENT_TARGET = 8.4;
				MTL_ENABLE_DEBUG_INFO = YES;
				ONLY_ACTIVE_ARCH = YES;
				SDKROOT = iphoneos;
			};
			name = Debug;
		};
		DD068B9F1B746085001481C0 /* Release */ = {
			isa = XCBuildConfiguration;
			buildSettings = {
				ALWAYS_SEARCH_USER_PATHS = NO;
				CLANG_CXX_LANGUAGE_STANDARD = "gnu++0x";
				CLANG_CXX_LIBRARY = "libc++";
				CLANG_ENABLE_MODULES = YES;
				CLANG_ENABLE_OBJC_ARC = YES;
				CLANG_WARN_BOOL_CONVERSION = YES;
				CLANG_WARN_CONSTANT_CONVERSION = YES;
				CLANG_WARN_DIRECT_OBJC_ISA_USAGE = YES_ERROR;
				CLANG_WARN_EMPTY_BODY = YES;
				CLANG_WARN_ENUM_CONVERSION = YES;
				CLANG_WARN_INT_CONVERSION = YES;
				CLANG_WARN_OBJC_ROOT_CLASS = YES_ERROR;
				CLANG_WARN_UNREACHABLE_CODE = YES;
				CLANG_WARN__DUPLICATE_METHOD_MATCH = YES;
				"CODE_SIGN_IDENTITY[sdk=iphoneos*]" = "iPhone Developer";
				COPY_PHASE_STRIP = NO;
				DEBUG_INFORMATION_FORMAT = "dwarf-with-dsym";
				ENABLE_NS_ASSERTIONS = NO;
				ENABLE_STRICT_OBJC_MSGSEND = YES;
				GCC_C_LANGUAGE_STANDARD = gnu99;
				GCC_NO_COMMON_BLOCKS = YES;
				GCC_WARN_64_TO_32_BIT_CONVERSION = YES;
				GCC_WARN_ABOUT_RETURN_TYPE = YES_ERROR;
				GCC_WARN_UNDECLARED_SELECTOR = YES;
				GCC_WARN_UNINITIALIZED_AUTOS = YES_AGGRESSIVE;
				GCC_WARN_UNUSED_FUNCTION = YES;
				GCC_WARN_UNUSED_VARIABLE = YES;
				IPHONEOS_DEPLOYMENT_TARGET = 8.4;
				MTL_ENABLE_DEBUG_INFO = NO;
				SDKROOT = iphoneos;
				VALIDATE_PRODUCT = YES;
			};
			name = Release;
		};
		DD068BA11B746085001481C0 /* Debug */ = {
			isa = XCBuildConfiguration;
			baseConfigurationReference = FFFDBAE121213DB3E9095FA9 /* Pods-ACSNetworkingDemo.debug.xcconfig */;
			buildSettings = {
				ASSETCATALOG_COMPILER_APPICON_NAME = AppIcon;
				INFOPLIST_FILE = ACSNetworkingDemo/Info.plist;
				LD_RUNPATH_SEARCH_PATHS = "$(inherited) @executable_path/Frameworks";
				PRODUCT_BUNDLE_IDENTIFIER = "com.stone.$(PRODUCT_NAME:rfc1034identifier)";
				PRODUCT_NAME = "$(TARGET_NAME)";
			};
			name = Debug;
		};
		DD068BA21B746085001481C0 /* Release */ = {
			isa = XCBuildConfiguration;
			baseConfigurationReference = 0A88C542ACF21997088C0E34 /* Pods-ACSNetworkingDemo.release.xcconfig */;
			buildSettings = {
				ASSETCATALOG_COMPILER_APPICON_NAME = AppIcon;
				INFOPLIST_FILE = ACSNetworkingDemo/Info.plist;
				LD_RUNPATH_SEARCH_PATHS = "$(inherited) @executable_path/Frameworks";
				PRODUCT_BUNDLE_IDENTIFIER = "com.stone.$(PRODUCT_NAME:rfc1034identifier)";
				PRODUCT_NAME = "$(TARGET_NAME)";
			};
			name = Release;
		};
		DD068BA41B746085001481C0 /* Debug */ = {
			isa = XCBuildConfiguration;
			buildSettings = {
				BUNDLE_LOADER = "$(TEST_HOST)";
				FRAMEWORK_SEARCH_PATHS = (
					"$(SDKROOT)/System/Library/Frameworks",
					"$(inherited)",
				);
				GCC_PREPROCESSOR_DEFINITIONS = (
					"DEBUG=1",
					"$(inherited)",
				);
				INFOPLIST_FILE = ACSNetworkingDemoTests/Info.plist;
				LD_RUNPATH_SEARCH_PATHS = "$(inherited) @executable_path/Frameworks @loader_path/Frameworks";
				PRODUCT_BUNDLE_IDENTIFIER = "com.stone.$(PRODUCT_NAME:rfc1034identifier)";
				PRODUCT_NAME = "$(TARGET_NAME)";
				TEST_HOST = "$(BUILT_PRODUCTS_DIR)/ACSNetworkingDemo.app/ACSNetworkingDemo";
			};
			name = Debug;
		};
		DD068BA51B746085001481C0 /* Release */ = {
			isa = XCBuildConfiguration;
			buildSettings = {
				BUNDLE_LOADER = "$(TEST_HOST)";
				FRAMEWORK_SEARCH_PATHS = (
					"$(SDKROOT)/System/Library/Frameworks",
					"$(inherited)",
				);
				INFOPLIST_FILE = ACSNetworkingDemoTests/Info.plist;
				LD_RUNPATH_SEARCH_PATHS = "$(inherited) @executable_path/Frameworks @loader_path/Frameworks";
				PRODUCT_BUNDLE_IDENTIFIER = "com.stone.$(PRODUCT_NAME:rfc1034identifier)";
				PRODUCT_NAME = "$(TARGET_NAME)";
				TEST_HOST = "$(BUILT_PRODUCTS_DIR)/ACSNetworkingDemo.app/ACSNetworkingDemo";
			};
			name = Release;
		};
/* End XCBuildConfiguration section */

/* Begin XCConfigurationList section */
		DD068B781B746085001481C0 /* Build configuration list for PBXProject "ACSNetworkingDemo" */ = {
			isa = XCConfigurationList;
			buildConfigurations = (
				DD068B9E1B746085001481C0 /* Debug */,
				DD068B9F1B746085001481C0 /* Release */,
			);
			defaultConfigurationIsVisible = 0;
			defaultConfigurationName = Release;
		};
		DD068BA01B746085001481C0 /* Build configuration list for PBXNativeTarget "ACSNetworkingDemo" */ = {
			isa = XCConfigurationList;
			buildConfigurations = (
				DD068BA11B746085001481C0 /* Debug */,
				DD068BA21B746085001481C0 /* Release */,
			);
			defaultConfigurationIsVisible = 0;
			defaultConfigurationName = Release;
		};
		DD068BA31B746085001481C0 /* Build configuration list for PBXNativeTarget "ACSNetworkingDemoTests" */ = {
			isa = XCConfigurationList;
			buildConfigurations = (
				DD068BA41B746085001481C0 /* Debug */,
				DD068BA51B746085001481C0 /* Release */,
			);
			defaultConfigurationIsVisible = 0;
			defaultConfigurationName = Release;
		};
/* End XCConfigurationList section */
	};
	rootObject = DD068B751B746085001481C0 /* Project object */;
}
