PODS:
  - ACSNetworking (0.0.3):
    - AFNetworking (~> 2.6.0)
  - AFNetworking (2.6.0):
    - AFNetworking/NSURLConnection (= 2.6.0)
    - AFNetworking/NSURLSession (= 2.6.0)
    - AFNetworking/Reachability (= 2.6.0)
    - AFNetworking/Security (= 2.6.0)
    - AFNetworking/Serialization (= 2.6.0)
    - AFNetworking/UIKit (= 2.6.0)
  - AFNetworking/NSURLConnection (2.6.0):
    - AFNetworking/Reachability
    - AFNetworking/Security
    - AFNetworking/Serialization
  - AFNetworking/NSURLSession (2.6.0):
    - AFNetworking/Reachability
    - AFNetworking/Security
    - AFNetworking/Serialization
  - AFNetworking/Reachability (2.6.0)
  - AFNetworking/Security (2.6.0)
  - AFNetworking/Serialization (2.6.0)
  - AFNetworking/UIKit (2.6.0):
    - AFNetworking/NSURLConnection
    - AFNetworking/NSURLSession

DEPENDENCIES:
  - ACSNetworking (from `../`)

EXTERNAL SOURCES:
  ACSNetworking:
    :path: ../

SPEC CHECKSUMS:
  ACSNetworking: e207b5277d4530f563f1b607c83a50e67a2c734b
  AFNetworking: 79f7eb1a0fcfa7beb409332b2ca49afe9ce53b05

COCOAPODS: 0.38.2
